
Microsoft Visual Studio Solution File, Format Version 12.00
# Visual Studio Version 17
VisualStudioVersion = 17.5.002.0
MinimumVisualStudioVersion = 10.0.40219.1
Project("{9A19103F-16F7-4668-BE54-9A1E7A4F7556}") = "2", "2.csproj", "{8B9D7F87-023F-47D7-A8FC-05671D0039A6}"
EndProject
Global
	GlobalSection(SolutionConfigurationPlatforms) = preSolution
		Debug|Any CPU = Debug|Any CPU
		Release|Any CPU = Release|Any CPU
	EndGlobalSection
	GlobalSection(ProjectConfigurationPlatforms) = postSolution
		{8B9D7F87-023F-47D7-A8FC-05671D0039A6}.Debug|Any CPU.ActiveCfg = Debug|Any CPU
		{8B9D7F87-023F-47D7-A8FC-05671D0039A6}.Debug|Any CPU.Build.0 = Debug|Any CPU
		{8B9D7F87-023F-47D7-A8FC-05671D0039A6}.Release|Any CPU.ActiveCfg = Release|Any CPU
		{8B9D7F87-023F-47D7-A8FC-05671D0039A6}.Release|Any CPU.Build.0 = Release|Any CPU
	EndGlobalSection
	GlobalSection(SolutionProperties) = preSolution
		HideSolutionNode = FALSE
	EndGlobalSection
	GlobalSection(ExtensibilityGlobals) = postSolution
		SolutionGuid = {177082B0-2BEA-4005-8AF8-E8D985B735DD}
	EndGlobalSection
EndGlobal
